
Microsoft Visual Studio Solution File, Format Version 12.00
# Visual Studio Version 16
VisualStudioVersion = 16.0.29326.143
MinimumVisualStudioVersion = 10.0.40219.1
Project("{FAE04EC0-301F-11D3-BF4B-00C04F79EFBC}") = "TesteWebApi", "TesteWebApi.csproj", "{0BB94E6B-E7D1-47F5-9A89-9A27727E1872}"
EndProject
Global
	GlobalSection(SolutionConfigurationPlatforms) = preSolution
		Debug|Any CPU = Debug|Any CPU
		Release|Any CPU = Release|Any CPU
	EndGlobalSection
	GlobalSection(ProjectConfigurationPlatforms) = postSolution
		{0BB94E6B-E7D1-47F5-9A89-9A27727E1872}.Debug|Any CPU.ActiveCfg = Debug|Any CPU
		{0BB94E6B-E7D1-47F5-9A89-9A27727E1872}.Debug|Any CPU.Build.0 = Debug|Any CPU
		{0BB94E6B-E7D1-47F5-9A89-9A27727E1872}.Release|Any CPU.ActiveCfg = Release|Any CPU
		{0BB94E6B-E7D1-47F5-9A89-9A27727E1872}.Release|Any CPU.Build.0 = Release|Any CPU
	EndGlobalSection
	GlobalSection(SolutionProperties) = preSolution
		HideSolutionNode = FALSE
	EndGlobalSection
	GlobalSection(ExtensibilityGlobals) = postSolution
		SolutionGuid = {A19C6C48-D9B2-4B1E-9319-1417C993990C}
	EndGlobalSection
EndGlobal
